
Microsoft Visual Studio Solution File, Format Version 12.00
# Visual Studio Version 17
VisualStudioVersion = 17.4.33122.133
MinimumVisualStudioVersion = 10.0.40219.1
Project("{FAE04EC0-301F-11D3-BF4B-00C04F79EFBC}") = "HelloWebAPI", "HelloWebAPI.csproj", "{EA45ABA5-4ACC-45BC-92B7-53338EF9286A}"
EndProject
Global
	GlobalSection(SolutionConfigurationPlatforms) = preSolution
		Debug|Any CPU = Debug|Any CPU
		Release|Any CPU = Release|Any CPU
	EndGlobalSection
	GlobalSection(ProjectConfigurationPlatforms) = postSolution
		{EA45ABA5-4ACC-45BC-92B7-53338EF9286A}.Debug|Any CPU.ActiveCfg = Debug|Any CPU
		{EA45ABA5-4ACC-45BC-92B7-53338EF9286A}.Debug|Any CPU.Build.0 = Debug|Any CPU
		{EA45ABA5-4ACC-45BC-92B7-53338EF9286A}.Release|Any CPU.ActiveCfg = Release|Any CPU
		{EA45ABA5-4ACC-45BC-92B7-53338EF9286A}.Release|Any CPU.Build.0 = Release|Any CPU
	EndGlobalSection
	GlobalSection(SolutionProperties) = preSolution
		HideSolutionNode = FALSE
	EndGlobalSection
	GlobalSection(ExtensibilityGlobals) = postSolution
		SolutionGuid = {FCA89D4E-3005-471D-A292-F58AAEBCF7FD}
	EndGlobalSection
EndGlobal
